<?xml version="1.0" encoding="utf-8"?>
<Project ToolsVersion="4.0" xmlns="http://schemas.microsoft.com/developer/msbuild/2003">
  <ItemGroup>
    <Filter Include="Source Files">
      <UniqueIdentifier>{4FC737F1-C7A5-4376-A066-2A32D752A2FF}</UniqueIdentifier>
      <Extensions>cpp;c;cc;cxx;def;odl;idl;hpj;bat;asm;asmx</Extensions>
    </Filter>
    <Filter Include="Header Files">
      <UniqueIdentifier>{93995380-89BD-4b04-88EB-625FBE52EBFB}</UniqueIdentifier>
      <Extensions>h;hh;hpp;hxx;hm;inl;inc;xsd</Extensions>
    </Filter>
    <Filter Include="Resource Files">
      <UniqueIdentifier>{67DA6AB6-F800-4c08-8B7A-83BB121AAD01}</UniqueIdentifier>
      <Extensions>rc;ico;cur;bmp;dlg;rc2;rct;bin;rgs;gif;jpg;jpeg;jpe;resx;tiff;tif;png;wav;mfcribbon-ms</Extensions>
    </Filter>
    <Filter Include="Header Files\src">
      <UniqueIdentifier>{3df59442-6641-452d-8d90-e5f7c638e9ff}</UniqueIdentifier>
    </Filter>
  </ItemGroup>
  <ItemGroup>
    <ClInclude Include="stdafx.h">
      <Filter>Header Files</Filter>
    </ClInclude>
    <ClInclude Include="targetver.h">
      <Filter>Header Files</Filter>
    </ClInclude>
    <ClInclude Include="src\indiv.h">
      <Filter>Header Files\src</Filter>
    </ClInclude>
    <ClInclude Include="src\distance.h">
      <Filter>Header Files\src</Filter>
    </ClInclude>
    <ClInclude Include="src\matdata.h">
      <Filter>Header Files\src</Filter>
    </ClInclude>
    <ClInclude Include="src\utils.h">
      <Filter>Header Files\src</Filter>
    </ClInclude>
    <ClInclude Include="src\cluster.h">
      <Filter>Header Files\src</Filter>
    </ClInclude>
    <ClInclude Include="src\clusterize.h">
      <Filter>Header Files\src</Filter>
    </ClInclude>
    <ClInclude Include="src\indivset.h">
      <Filter>Header Files\src</Filter>
    </ClInclude>
    <ClInclude Include="src\indivs.h">
      <Filter>Header Files\src</Filter>
    </ClInclude>
    <ClInclude Include="src\treeelem.h">
      <Filter>Header Files\src</Filter>
    </ClInclude>
    <ClInclude Include="src\variable.h">
      <Filter>Header Files\src</Filter>
    </ClInclude>
    <ClInclude Include="infotestdata.h">
      <Filter>Header Files</Filter>
    </ClInclude>
    <ClInclude Include="src\clusterizeindivs.h">
      <Filter>Header Files\src</Filter>
    </ClInclude>
    <ClInclude Include="src\resultitem.h">
      <Filter>Header Files\src</Filter>
    </ClInclude>
    <ClInclude Include="src\arrangedesc.h">
      <Filter>Header Files\src</Filter>
    </ClInclude>
  </ItemGroup>
  <ItemGroup>
    <ClCompile Include="stdafx.cpp">
      <Filter>Source Files</Filter>
    </ClCompile>
    <ClCompile Include="unittest1.cpp">
      <Filter>Source Files</Filter>
    </ClCompile>
    <ClCompile Include="infotestdata.cpp">
      <Filter>Source Files</Filter>
    </ClCompile>
    <ClCompile Include="MatDatatTest.cpp">
      <Filter>Source Files</Filter>
    </ClCompile>
    <ClCompile Include="ClusterizeTest.cpp">
      <Filter>Source Files</Filter>
    </ClCompile>
    <ClCompile Include="TreeTest.cpp">
      <Filter>Source Files</Filter>
    </ClCompile>
    <ClCompile Include="ArrangeTest.cpp">
      <Filter>Source Files</Filter>
    </ClCompile>
  </ItemGroup>
</Project>